
Microsoft Visual Studio Solution File, Format Version 12.00
# Visual Studio 15
VisualStudioVersion = 15.0.27428.2027
MinimumVisualStudioVersion = 10.0.40219.1
Project("{FAE04EC0-301F-11D3-BF4B-00C04F79EFBC}") = "AdvancedTest.Client", "AdvancedTest\AdvancedTest.Client.csproj", "{03F90C61-6E0B-49A5-BC68-5B2E83781740}"
EndProject
Project("{FAE04EC0-301F-11D3-BF4B-00C04F79EFBC}") = "AdvancedTest.Data", "AdvancedTest.Data\AdvancedTest.Data.csproj", "{3DD89646-3AD1-47F5-8A72-C56E7725F180}"
EndProject
Project("{FAE04EC0-301F-11D3-BF4B-00C04F79EFBC}") = "AdvancedTest.Service", "AdvancedTest.Service\AdvancedTest.Service.csproj", "{CF8B1890-70B4-4185-BD0A-6223B3942202}"
EndProject
Global
	GlobalSection(SolutionConfigurationPlatforms) = preSolution
		Debug|Any CPU = Debug|Any CPU
		Release|Any CPU = Release|Any CPU
	EndGlobalSection
	GlobalSection(ProjectConfigurationPlatforms) = postSolution
		{03F90C61-6E0B-49A5-BC68-5B2E83781740}.Debug|Any CPU.ActiveCfg = Debug|Any CPU
		{03F90C61-6E0B-49A5-BC68-5B2E83781740}.Debug|Any CPU.Build.0 = Debug|Any CPU
		{03F90C61-6E0B-49A5-BC68-5B2E83781740}.Release|Any CPU.ActiveCfg = Release|Any CPU
		{03F90C61-6E0B-49A5-BC68-5B2E83781740}.Release|Any CPU.Build.0 = Release|Any CPU
		{3DD89646-3AD1-47F5-8A72-C56E7725F180}.Debug|Any CPU.ActiveCfg = Debug|Any CPU
		{3DD89646-3AD1-47F5-8A72-C56E7725F180}.Debug|Any CPU.Build.0 = Debug|Any CPU
		{3DD89646-3AD1-47F5-8A72-C56E7725F180}.Release|Any CPU.ActiveCfg = Release|Any CPU
		{3DD89646-3AD1-47F5-8A72-C56E7725F180}.Release|Any CPU.Build.0 = Release|Any CPU
		{CF8B1890-70B4-4185-BD0A-6223B3942202}.Debug|Any CPU.ActiveCfg = Debug|Any CPU
		{CF8B1890-70B4-4185-BD0A-6223B3942202}.Debug|Any CPU.Build.0 = Debug|Any CPU
		{CF8B1890-70B4-4185-BD0A-6223B3942202}.Release|Any CPU.ActiveCfg = Release|Any CPU
		{CF8B1890-70B4-4185-BD0A-6223B3942202}.Release|Any CPU.Build.0 = Release|Any CPU
	EndGlobalSection
	GlobalSection(SolutionProperties) = preSolution
		HideSolutionNode = FALSE
	EndGlobalSection
	GlobalSection(ExtensibilityGlobals) = postSolution
		SolutionGuid = {4F698295-F037-4AA4-85FE-7A553AFDB7E6}
	EndGlobalSection
EndGlobal
